{
    "_meta": {
        "hash": {
            "sha256": "84c28b94277becaef0ffbb17e71efcaad9dd07d16c8b2d09780b59beb261f0d9"
        },
        "pipfile-spec": 6,
        "requires": {
            "python_version": "3.13"
        },
        "sources": [
            {
                "name": "pypi",
                "url": "https://pypi.org/simple",
                "verify_ssl": true
            }
        ]
    },
    "default": {},
    "develop": {}
}
